{
  "name": "slocoach-automation",
  "version": "1.0.0",
  "lockfileVersion": 3,
  "requires": true,
  "packages": {
    "": {
      "name": "slocoach-automation",
      "version": "1.0.0",
      "license": "ISC",
      "dependencies": {
        "@cemalgnlts/mailjs": "^3.0.1",
        "@playwright/test": "^1.50.1",
        "csv-writer": "^1.6.0",
        "dotenv": "^16.4.7",
        "pnpm": "^10.3.0"
      },
      "devDependencies": {
        "@types/node": "^22.10.2"
      }
    },
    "node_modules/.pnpm/@playwright+test@1.49.1": {
      "extraneous": true
    },
    "node_modules/.pnpm/@types+node@22.10.2": {
      "dev": true
    },
    "node_modules/.pnpm/@types+node@22.10.2/node_modules/@types/node": {
      "version": "22.10.2",
      "dev": true,
      "license": "MIT",
      "dependencies": {
        "undici-types": "~6.20.0"
      }
    },
    "node_modules/.pnpm/@types+node@22.10.2/node_modules/undici-types": {
      "resolved": "node_modules/.pnpm/undici-types@6.20.0/node_modules/undici-types",
      "link": true
    },
    "node_modules/.pnpm/allure-js-commons@3.0.7_allure-playwright@3.0.7_@playwright+test@1.49.1_": {
      "extraneous": true
    },
    "node_modules/.pnpm/allure-playwright@3.0.7_@playwright+test@1.49.1": {
      "extraneous": true
    },
    "node_modules/.pnpm/charenc@0.0.2/node_modules/charenc": {
      "version": "0.0.2",
      "extraneous": true,
      "license": "BSD-3-Clause",
      "engines": {
        "node": "*"
      }
    },
    "node_modules/.pnpm/crypt@0.0.2/node_modules/crypt": {
      "version": "0.0.2",
      "extraneous": true,
      "license": "BSD-3-Clause",
      "engines": {
        "node": "*"
      }
    },
    "node_modules/.pnpm/is-buffer@1.1.6/node_modules/is-buffer": {
      "version": "1.1.6",
      "extraneous": true,
      "license": "MIT",
      "devDependencies": {
        "standard": "*",
        "tape": "^4.0.0",
        "zuul": "^3.0.0"
      }
    },
    "node_modules/.pnpm/md5@2.3.0": {
      "extraneous": true
    },
    "node_modules/.pnpm/playwright-core@1.49.1/node_modules/playwright-core": {
      "version": "1.49.1",
      "extraneous": true,
      "license": "Apache-2.0",
      "bin": {
        "playwright-core": "cli.js"
      },
      "engines": {
        "node": ">=18"
      }
    },
    "node_modules/.pnpm/playwright@1.49.1": {
      "extraneous": true
    },
    "node_modules/.pnpm/undici-types@6.20.0/node_modules/undici-types": {
      "version": "6.20.0",
      "dev": true,
      "license": "MIT"
    },
    "node_modules/@cemalgnlts/mailjs": {
      "version": "3.0.1",
      "resolved": "https://registry.npmjs.org/@cemalgnlts/mailjs/-/mailjs-3.0.1.tgz",
      "integrity": "sha512-JnX2kS/ZVfbjy8CM5oIw5wlKPEO0eW5/cXF9yidvZOZ+LCiAfosAWnubbakOvLgBrE9ewQaFjh0g/usK2Kiicw==",
      "license": "MIT",
      "dependencies": {
        "eventsource": "^2.0.2"
      }
    },
    "node_modules/@playwright/test": {
      "version": "1.50.1",
      "resolved": "https://registry.npmjs.org/@playwright/test/-/test-1.50.1.tgz",
      "integrity": "sha512-Jii3aBg+CEDpgnuDxEp/h7BimHcUTDlpEtce89xEumlJ5ef2hqepZ+PWp1DDpYC/VO9fmWVI1IlEaoI5fK9FXQ==",
      "license": "Apache-2.0",
      "dependencies": {
        "playwright": "1.50.1"
      },
      "bin": {
        "playwright": "cli.js"
      },
      "engines": {
        "node": ">=18"
      }
    },
    "node_modules/@types/node": {
      "resolved": "node_modules/.pnpm/@types+node@22.10.2/node_modules/@types/node",
      "link": true
    },
    "node_modules/csv-writer": {
      "version": "1.6.0",
      "resolved": "https://registry.npmjs.org/csv-writer/-/csv-writer-1.6.0.tgz",
      "integrity": "sha512-NOx7YDFWEsM/fTRAJjRpPp8t+MKRVvniAg9wQlUKx20MFrPs73WLJhFf5iteqrxNYnsy924K3Iroh3yNHeYd2g==",
      "license": "MIT"
    },
    "node_modules/dotenv": {
      "version": "16.4.7",
      "resolved": "https://registry.npmjs.org/dotenv/-/dotenv-16.4.7.tgz",
      "integrity": "sha512-47qPchRCykZC03FhkYAhrvwU4xDBFIj1QPqaarj6mdM/hgUzfPHcpkHJOn3mJAufFeeAxAzeGsr5X0M4k6fLZQ==",
      "license": "BSD-2-Clause",
      "engines": {
        "node": ">=12"
      },
      "funding": {
        "url": "https://dotenvx.com"
      }
    },
    "node_modules/eventsource": {
      "version": "2.0.2",
      "resolved": "https://registry.npmjs.org/eventsource/-/eventsource-2.0.2.tgz",
      "integrity": "sha512-IzUmBGPR3+oUG9dUeXynyNmf91/3zUSJg1lCktzKw47OXuhco54U3r9B7O4XX+Rb1Itm9OZ2b0RkTs10bICOxA==",
      "license": "MIT",
      "engines": {
        "node": ">=12.0.0"
      }
    },
    "node_modules/fsevents": {
      "version": "2.3.2",
      "resolved": "https://registry.npmjs.org/fsevents/-/fsevents-2.3.2.tgz",
      "integrity": "sha512-xiqMQR4xAeHTuB9uWm+fFRcIOgKBMiOBP+eXiyT7jsgVCq1bkVygt00oASowB7EdtpOHaaPgKt812P9ab+DDKA==",
      "hasInstallScript": true,
      "license": "MIT",
      "optional": true,
      "os": [
        "darwin"
      ],
      "engines": {
        "node": "^8.16.0 || ^10.6.0 || >=11.0.0"
      }
    },
    "node_modules/playwright": {
      "version": "1.50.1",
      "resolved": "https://registry.npmjs.org/playwright/-/playwright-1.50.1.tgz",
      "integrity": "sha512-G8rwsOQJ63XG6BbKj2w5rHeavFjy5zynBA9zsJMMtBoe/Uf757oG12NXz6e6OirF7RCrTVAKFXbLmn1RbL7Qaw==",
      "license": "Apache-2.0",
      "dependencies": {
        "playwright-core": "1.50.1"
      },
      "bin": {
        "playwright": "cli.js"
      },
      "engines": {
        "node": ">=18"
      },
      "optionalDependencies": {
        "fsevents": "2.3.2"
      }
    },
    "node_modules/playwright-core": {
      "version": "1.50.1",
      "resolved": "https://registry.npmjs.org/playwright-core/-/playwright-core-1.50.1.tgz",
      "integrity": "sha512-ra9fsNWayuYumt+NiM069M6OkcRb1FZSK8bgi66AtpFoWkg2+y0bJSNmkFrWhMbEBbVKC/EruAHH3g0zmtwGmQ==",
      "license": "Apache-2.0",
      "bin": {
        "playwright-core": "cli.js"
      },
      "engines": {
        "node": ">=18"
      }
    },
    "node_modules/pnpm": {
      "version": "10.5.0",
      "resolved": "https://registry.npmjs.org/pnpm/-/pnpm-10.5.0.tgz",
      "integrity": "sha512-ERBqWRbHQG/kuMuOMGeXS4co9HMIpPWsXoUDBK+m9X4oR9eVDf54h32NNr+0AdOBxCFds6TDVH/6Y8FDM6b6UQ==",
      "license": "MIT",
      "bin": {
        "pnpm": "bin/pnpm.cjs",
        "pnpx": "bin/pnpx.cjs"
      },
      "engines": {
        "node": ">=18.12"
      },
      "funding": {
        "url": "https://opencollective.com/pnpm"
      }
    }
  }
}
