lockfileVersion: '9.0'

settings:
  autoInstallPeers: true
  excludeLinksFromLockfile: false

importers:

  .:
    dependencies:
      '@cemalgnlts/mailjs':
        specifier: ^3.0.1
        version: 3.0.1
      '@playwright/test':
        specifier: ^1.50.1
        version: 1.50.1
      csv-writer:
        specifier: ^1.6.0
        version: 1.6.0
      pnpm:
        specifier: ^10.3.0
        version: 10.3.0
    devDependencies:
      '@types/node':
        specifier: ^22.10.2
        version: 22.10.2

packages:

  '@cemalgnlts/mailjs@3.0.1':
    resolution: {integrity: sha512-JnX2kS/ZVfbjy8CM5oIw5wlKPEO0eW5/cXF9yidvZOZ+LCiAfosAWnubbakOvLgBrE9ewQaFjh0g/usK2Kiicw==}

  '@playwright/test@1.50.1':
    resolution: {integrity: sha512-Jii3aBg+CEDpgnuDxEp/h7BimHcUTDlpEtce89xEumlJ5ef2hqepZ+PWp1DDpYC/VO9fmWVI1IlEaoI5fK9FXQ==}
    engines: {node: '>=18'}
    hasBin: true

  '@types/node@22.10.2':
    resolution: {integrity: sha512-Xxr6BBRCAOQixvonOye19wnzyDiUtTeqldOOmj3CkeblonbccA12PFwlufvRdrpjXxqnmUaeiU5EOA+7s5diUQ==}

  csv-writer@1.6.0:
    resolution: {integrity: sha512-NOx7YDFWEsM/fTRAJjRpPp8t+MKRVvniAg9wQlUKx20MFrPs73WLJhFf5iteqrxNYnsy924K3Iroh3yNHeYd2g==}

  eventsource@2.0.2:
    resolution: {integrity: sha512-IzUmBGPR3+oUG9dUeXynyNmf91/3zUSJg1lCktzKw47OXuhco54U3r9B7O4XX+Rb1Itm9OZ2b0RkTs10bICOxA==}
    engines: {node: '>=12.0.0'}

  fsevents@2.3.2:
    resolution: {integrity: sha512-xiqMQR4xAeHTuB9uWm+fFRcIOgKBMiOBP+eXiyT7jsgVCq1bkVygt00oASowB7EdtpOHaaPgKt812P9ab+DDKA==}
    engines: {node: ^8.16.0 || ^10.6.0 || >=11.0.0}
    os: [darwin]

  playwright-core@1.50.1:
    resolution: {integrity: sha512-ra9fsNWayuYumt+NiM069M6OkcRb1FZSK8bgi66AtpFoWkg2+y0bJSNmkFrWhMbEBbVKC/EruAHH3g0zmtwGmQ==}
    engines: {node: '>=18'}
    hasBin: true

  playwright@1.50.1:
    resolution: {integrity: sha512-G8rwsOQJ63XG6BbKj2w5rHeavFjy5zynBA9zsJMMtBoe/Uf757oG12NXz6e6OirF7RCrTVAKFXbLmn1RbL7Qaw==}
    engines: {node: '>=18'}
    hasBin: true

  pnpm@10.3.0:
    resolution: {integrity: sha512-7lku2ogVqKKTwga7CRfEuw/ydMUN73y8F74F7GQfwtGwJJDOZgBhNWvQ0Sak1+suyIMOaVn7ikR1ccYx1aJELQ==}
    engines: {node: '>=18.12'}
    hasBin: true

  undici-types@6.20.0:
    resolution: {integrity: sha512-Ny6QZ2Nju20vw1SRHe3d9jVu6gJ+4e3+MMpqu7pqE5HT6WsTSlce++GQmK5UXS8mzV8DSYHrQH+Xrf2jVcuKNg==}

snapshots:

  '@cemalgnlts/mailjs@3.0.1':
    dependencies:
      eventsource: 2.0.2

  '@playwright/test@1.50.1':
    dependencies:
      playwright: 1.50.1

  '@types/node@22.10.2':
    dependencies:
      undici-types: 6.20.0

  csv-writer@1.6.0: {}

  eventsource@2.0.2: {}

  fsevents@2.3.2:
    optional: true

  playwright-core@1.50.1: {}

  playwright@1.50.1:
    dependencies:
      playwright-core: 1.50.1
    optionalDependencies:
      fsevents: 2.3.2

  pnpm@10.3.0: {}

  undici-types@6.20.0: {}
